
Microsoft Visual Studio Solution File, Format Version 12.00
# Visual Studio Version 17
VisualStudioVersion = 17.9.34728.123
MinimumVisualStudioVersion = 10.0.40219.1
Project("{FAE04EC0-301F-11D3-BF4B-00C04F79EFBC}") = "YTMusic", "YTMusic\YTMusic.csproj", "{9563DA50-EEF8-46BD-8976-341D87A20722}"
EndProject
Global
	GlobalSection(SolutionConfigurationPlatforms) = preSolution
		Debug|Any CPU = Debug|Any CPU
		Release|Any CPU = Release|Any CPU
	EndGlobalSection
	GlobalSection(ProjectConfigurationPlatforms) = postSolution
		{9563DA50-EEF8-46BD-8976-341D87A20722}.Debug|Any CPU.ActiveCfg = Debug|Any CPU
		{9563DA50-EEF8-46BD-8976-341D87A20722}.Debug|Any CPU.Build.0 = Debug|Any CPU
		{9563DA50-EEF8-46BD-8976-341D87A20722}.Release|Any CPU.ActiveCfg = Release|Any CPU
		{9563DA50-EEF8-46BD-8976-341D87A20722}.Release|Any CPU.Build.0 = Release|Any CPU
	EndGlobalSection
	GlobalSection(SolutionProperties) = preSolution
		HideSolutionNode = FALSE
	EndGlobalSection
	GlobalSection(ExtensibilityGlobals) = postSolution
		SolutionGuid = {C8DD1C27-C225-433F-BF3F-3251B9E93B8B}
	EndGlobalSection
EndGlobal
